
Microsoft Visual Studio Solution File, Format Version 12.00
# Visual Studio Version 17
VisualStudioVersion = 17.0.32014.148
MinimumVisualStudioVersion = 10.0.40219.1
Project("{FAE04EC0-301F-11D3-BF4B-00C04F79EFBC}") = "DBFirstApproach", "DBFirstApproach\DBFirstApproach.csproj", "{6508BC74-D440-421C-BFF8-0AFF5A783A37}"
EndProject
Global
	GlobalSection(SolutionConfigurationPlatforms) = preSolution
		Debug|Any CPU = Debug|Any CPU
		Release|Any CPU = Release|Any CPU
	EndGlobalSection
	GlobalSection(ProjectConfigurationPlatforms) = postSolution
		{6508BC74-D440-421C-BFF8-0AFF5A783A37}.Debug|Any CPU.ActiveCfg = Debug|Any CPU
		{6508BC74-D440-421C-BFF8-0AFF5A783A37}.Debug|Any CPU.Build.0 = Debug|Any CPU
		{6508BC74-D440-421C-BFF8-0AFF5A783A37}.Release|Any CPU.ActiveCfg = Release|Any CPU
		{6508BC74-D440-421C-BFF8-0AFF5A783A37}.Release|Any CPU.Build.0 = Release|Any CPU
	EndGlobalSection
	GlobalSection(SolutionProperties) = preSolution
		HideSolutionNode = FALSE
	EndGlobalSection
	GlobalSection(ExtensibilityGlobals) = postSolution
		SolutionGuid = {91757308-70B7-44A2-89E0-FF685351E9ED}
	EndGlobalSection
EndGlobal
